
Microsoft Visual Studio Solution File, Format Version 12.00
# Visual Studio Version 16
VisualStudioVersion = 16.0.30011.22
MinimumVisualStudioVersion = 10.0.40219.1
Project("{9A19103F-16F7-4668-BE54-9A1E7A4F7556}") = "ApiWebTest", "ApiWebTest\ApiWebTest.csproj", "{57B4C982-2343-4072-9B85-E3219058A223}"
EndProject
Project("{9A19103F-16F7-4668-BE54-9A1E7A4F7556}") = "HackerNews", "HackerNews\HackerNews.csproj", "{ED22F401-7A72-497B-A788-CB38FEEB4D5F}"
EndProject
Project("{9A19103F-16F7-4668-BE54-9A1E7A4F7556}") = "HttpClientSample", "HttpClient\HttpClientSample.csproj", "{3C618563-3CE2-4F5C-8CE3-47D07BF1227A}"
EndProject
Project("{9A19103F-16F7-4668-BE54-9A1E7A4F7556}") = "Model", "Model\Model.csproj", "{294E79B4-F9FB-4C0F-BB48-962D8E16793F}"
EndProject
Project("{9A19103F-16F7-4668-BE54-9A1E7A4F7556}") = "HackerNewsTests", "HackerNewsTests\HackerNewsTests.csproj", "{61C08D9E-56BE-4E58-B9F8-D0BA695043FF}"
EndProject
Project("{2150E333-8FDC-42A3-9474-1A3956D46DE8}") = "Solution Items", "Solution Items", "{8A1C61AD-9B48-4111-A72B-6EB21911DD31}"
	ProjectSection(SolutionItems) = preProject
		README.md = README.md
	EndProjectSection
EndProject
Global
	GlobalSection(SolutionConfigurationPlatforms) = preSolution
		Debug|Any CPU = Debug|Any CPU
		Release|Any CPU = Release|Any CPU
	EndGlobalSection
	GlobalSection(ProjectConfigurationPlatforms) = postSolution
		{57B4C982-2343-4072-9B85-E3219058A223}.Debug|Any CPU.ActiveCfg = Debug|Any CPU
		{57B4C982-2343-4072-9B85-E3219058A223}.Debug|Any CPU.Build.0 = Debug|Any CPU
		{57B4C982-2343-4072-9B85-E3219058A223}.Release|Any CPU.ActiveCfg = Release|Any CPU
		{57B4C982-2343-4072-9B85-E3219058A223}.Release|Any CPU.Build.0 = Release|Any CPU
		{ED22F401-7A72-497B-A788-CB38FEEB4D5F}.Debug|Any CPU.ActiveCfg = Debug|Any CPU
		{ED22F401-7A72-497B-A788-CB38FEEB4D5F}.Debug|Any CPU.Build.0 = Debug|Any CPU
		{ED22F401-7A72-497B-A788-CB38FEEB4D5F}.Release|Any CPU.ActiveCfg = Release|Any CPU
		{ED22F401-7A72-497B-A788-CB38FEEB4D5F}.Release|Any CPU.Build.0 = Release|Any CPU
		{3C618563-3CE2-4F5C-8CE3-47D07BF1227A}.Debug|Any CPU.ActiveCfg = Debug|Any CPU
		{3C618563-3CE2-4F5C-8CE3-47D07BF1227A}.Debug|Any CPU.Build.0 = Debug|Any CPU
		{3C618563-3CE2-4F5C-8CE3-47D07BF1227A}.Release|Any CPU.ActiveCfg = Release|Any CPU
		{3C618563-3CE2-4F5C-8CE3-47D07BF1227A}.Release|Any CPU.Build.0 = Release|Any CPU
		{294E79B4-F9FB-4C0F-BB48-962D8E16793F}.Debug|Any CPU.ActiveCfg = Debug|Any CPU
		{294E79B4-F9FB-4C0F-BB48-962D8E16793F}.Debug|Any CPU.Build.0 = Debug|Any CPU
		{294E79B4-F9FB-4C0F-BB48-962D8E16793F}.Release|Any CPU.ActiveCfg = Release|Any CPU
		{294E79B4-F9FB-4C0F-BB48-962D8E16793F}.Release|Any CPU.Build.0 = Release|Any CPU
		{61C08D9E-56BE-4E58-B9F8-D0BA695043FF}.Debug|Any CPU.ActiveCfg = Debug|Any CPU
		{61C08D9E-56BE-4E58-B9F8-D0BA695043FF}.Debug|Any CPU.Build.0 = Debug|Any CPU
		{61C08D9E-56BE-4E58-B9F8-D0BA695043FF}.Release|Any CPU.ActiveCfg = Release|Any CPU
		{61C08D9E-56BE-4E58-B9F8-D0BA695043FF}.Release|Any CPU.Build.0 = Release|Any CPU
	EndGlobalSection
	GlobalSection(SolutionProperties) = preSolution
		HideSolutionNode = FALSE
	EndGlobalSection
	GlobalSection(ExtensibilityGlobals) = postSolution
		SolutionGuid = {E0D6AA55-A40B-433D-972E-B8675FE5824B}
	EndGlobalSection
EndGlobal
